
Microsoft Visual Studio Solution File, Format Version 12.00
# Visual Studio Version 17
VisualStudioVersion = 17.0.31903.59
MinimumVisualStudioVersion = 10.0.40219.1
Project("{FAE04EC0-301F-11D3-BF4B-00C04F79EFBC}") = "Fina.Api", "Fina.Api\Fina.Api.csproj", "{4D6E59EF-1FB9-4190-9725-404C1F6DBCBD}"
EndProject
Project("{FAE04EC0-301F-11D3-BF4B-00C04F79EFBC}") = "Fina.Core", "Fina.Core\Fina.Core.csproj", "{76014147-C26A-4577-95F5-A571077DAEB7}"
EndProject
Project("{FAE04EC0-301F-11D3-BF4B-00C04F79EFBC}") = "Fina.Web", "Fina.Web\Fina.Web.csproj", "{34344508-CE2A-49D7-931B-F484F560DFE6}"
EndProject
Global
	GlobalSection(SolutionConfigurationPlatforms) = preSolution
		Debug|Any CPU = Debug|Any CPU
		Release|Any CPU = Release|Any CPU
	EndGlobalSection
	GlobalSection(SolutionProperties) = preSolution
		HideSolutionNode = FALSE
	EndGlobalSection
	GlobalSection(ProjectConfigurationPlatforms) = postSolution
		{4D6E59EF-1FB9-4190-9725-404C1F6DBCBD}.Debug|Any CPU.ActiveCfg = Debug|Any CPU
		{4D6E59EF-1FB9-4190-9725-404C1F6DBCBD}.Debug|Any CPU.Build.0 = Debug|Any CPU
		{4D6E59EF-1FB9-4190-9725-404C1F6DBCBD}.Release|Any CPU.ActiveCfg = Release|Any CPU
		{4D6E59EF-1FB9-4190-9725-404C1F6DBCBD}.Release|Any CPU.Build.0 = Release|Any CPU
		{76014147-C26A-4577-95F5-A571077DAEB7}.Debug|Any CPU.ActiveCfg = Debug|Any CPU
		{76014147-C26A-4577-95F5-A571077DAEB7}.Debug|Any CPU.Build.0 = Debug|Any CPU
		{76014147-C26A-4577-95F5-A571077DAEB7}.Release|Any CPU.ActiveCfg = Release|Any CPU
		{76014147-C26A-4577-95F5-A571077DAEB7}.Release|Any CPU.Build.0 = Release|Any CPU
		{34344508-CE2A-49D7-931B-F484F560DFE6}.Debug|Any CPU.ActiveCfg = Debug|Any CPU
		{34344508-CE2A-49D7-931B-F484F560DFE6}.Debug|Any CPU.Build.0 = Debug|Any CPU
		{34344508-CE2A-49D7-931B-F484F560DFE6}.Release|Any CPU.ActiveCfg = Release|Any CPU
		{34344508-CE2A-49D7-931B-F484F560DFE6}.Release|Any CPU.Build.0 = Release|Any CPU
	EndGlobalSection
EndGlobal
